// !$*UTF8*$!
{
	archiveVersion = 1;
	classes = {
	};
	objectVersion = 46;
	objects = {

/* Begin PBXBuildFile section */
		7AD7593819E87C9800BB20D3 /* Foundation.framework in Frameworks */ = {isa = PBXBuildFile; fileRef = 7AD7593719E87C9800BB20D3 /* Foundation.framework */; };
		7AD7593A19E87C9800BB20D3 /* CoreGraphics.framework in Frameworks */ = {isa = PBXBuildFile; fileRef = 7AD7593919E87C9800BB20D3 /* CoreGraphics.framework */; };
		7AD7593C19E87C9800BB20D3 /* UIKit.framework in Frameworks */ = {isa = PBXBuildFile; fileRef = 7AD7593B19E87C9800BB20D3 /* UIKit.framework */; };
		7AD7594219E87C9800BB20D3 /* InfoPlist.strings in Resources */ = {isa = PBXBuildFile; fileRef = 7AD7594019E87C9800BB20D3 /* InfoPlist.strings */; };
		7AD7594419E87C9800BB20D3 /* main.m in Sources */ = {isa = PBXBuildFile; fileRef = 7AD7594319E87C9800BB20D3 /* main.m */; };
		7AD7594819E87C9800BB20D3 /* BGPVAppDelegate.m in Sources */ = {isa = PBXBuildFile; fileRef = 7AD7594719E87C9800BB20D3 /* BGPVAppDelegate.m */; };
		7AD7594A19E87C9800BB20D3 /* Images.xcassets in Resources */ = {isa = PBXBuildFile; fileRef = 7AD7594919E87C9800BB20D3 /* Images.xcassets */; };
		7AD7595119E87C9800BB20D3 /* XCTest.framework in Frameworks */ = {isa = PBXBuildFile; fileRef = 7AD7595019E87C9800BB20D3 /* XCTest.framework */; };
		7AD7595219E87C9800BB20D3 /* Foundation.framework in Frameworks */ = {isa = PBXBuildFile; fileRef = 7AD7593719E87C9800BB20D3 /* Foundation.framework */; };
		7AD7595319E87C9800BB20D3 /* UIKit.framework in Frameworks */ = {isa = PBXBuildFile; fileRef = 7AD7593B19E87C9800BB20D3 /* UIKit.framework */; };
		7AD7595B19E87C9800BB20D3 /* InfoPlist.strings in Resources */ = {isa = PBXBuildFile; fileRef = 7AD7595919E87C9800BB20D3 /* InfoPlist.strings */; };
		7AD7595D19E87C9800BB20D3 /* BGPassValueTests.m in Sources */ = {isa = PBXBuildFile; fileRef = 7AD7595C19E87C9800BB20D3 /* BGPassValueTests.m */; };
/* End PBXBuildFile section */

/* Begin PBXContainerItemProxy section */
		7AD7595419E87C9800BB20D3 /* PBXContainerItemProxy */ = {
			isa = PBXContainerItemProxy;
			containerPortal = 7AD7592C19E87C9800BB20D3 /* Project object */;
			proxyType = 1;
			remoteGlobalIDString = 7AD7593319E87C9800BB20D3;
			remoteInfo = BGPassValue;
		};
/* End PBXContainerItemProxy section */

/* Begin PBXFileReference section */
		7AD7593419E87C9800BB20D3 /* BGPassValue.app */ = {isa = PBXFileReference; explicitFileType = wrapper.application; includeInIndex = 0; path = BGPassValue.app; sourceTree = BUILT_PRODUCTS_DIR; };
		7AD7593719E87C9800BB20D3 /* Foundation.framework */ = {isa = PBXFileReference; lastKnownFileType = wrapper.framework; name = Foundation.framework; path = System/Library/Frameworks/Foundation.framework; sourceTree = SDKROOT; };
		7AD7593919E87C9800BB20D3 /* CoreGraphics.framework */ = {isa = PBXFileReference; lastKnownFileType = wrapper.framework; name = CoreGraphics.framework; path = System/Library/Frameworks/CoreGraphics.framework; sourceTree = SDKROOT; };
		7AD7593B19E87C9800BB20D3 /* UIKit.framework */ = {isa = PBXFileReference; lastKnownFileType = wrapper.framework; name = UIKit.framework; path = System/Library/Frameworks/UIKit.framework; sourceTree = SDKROOT; };
		7AD7593F19E87C9800BB20D3 /* BGPassValue-Info.plist */ = {isa = PBXFileReference; lastKnownFileType = text.plist.xml; path = "BGPassValue-Info.plist"; sourceTree = "<group>"; };
		7AD7594119E87C9800BB20D3 /* en */ = {isa = PBXFileReference; lastKnownFileType = text.plist.strings; name = en; path = en.lproj/InfoPlist.strings; sourceTree = "<group>"; };
		7AD7594319E87C9800BB20D3 /* main.m */ = {isa = PBXFileReference; lastKnownFileType = sourcecode.c.objc; path = main.m; sourceTree = "<group>"; };
		7AD7594519E87C9800BB20D3 /* BGPassValue-Prefix.pch */ = {isa = PBXFileReference; lastKnownFileType = sourcecode.c.h; path = "BGPassValue-Prefix.pch"; sourceTree = "<group>"; };
		7AD7594619E87C9800BB20D3 /* BGPVAppDelegate.h */ = {isa = PBXFileReference; lastKnownFileType = sourcecode.c.h; path = BGPVAppDelegate.h; sourceTree = "<group>"; };
		7AD7594719E87C9800BB20D3 /* BGPVAppDelegate.m */ = {isa = PBXFileReference; lastKnownFileType = sourcecode.c.objc; path = BGPVAppDelegate.m; sourceTree = "<group>"; };
		7AD7594919E87C9800BB20D3 /* Images.xcassets */ = {isa = PBXFileReference; lastKnownFileType = folder.assetcatalog; path = Images.xcassets; sourceTree = "<group>"; };
		7AD7594F19E87C9800BB20D3 /* BGPassValueTests.xctest */ = {isa = PBXFileReference; explicitFileType = wrapper.cfbundle; includeInIndex = 0; path = BGPassValueTests.xctest; sourceTree = BUILT_PRODUCTS_DIR; };
		7AD7595019E87C9800BB20D3 /* XCTest.framework */ = {isa = PBXFileReference; lastKnownFileType = wrapper.framework; name = XCTest.framework; path = Library/Frameworks/XCTest.framework; sourceTree = DEVELOPER_DIR; };
		7AD7595819E87C9800BB20D3 /* BGPassValueTests-Info.plist */ = {isa = PBXFileReference; lastKnownFileType = text.plist.xml; path = "BGPassValueTests-Info.plist"; sourceTree = "<group>"; };
		7AD7595A19E87C9800BB20D3 /* en */ = {isa = PBXFileReference; lastKnownFileType = text.plist.strings; name = en; path = en.lproj/InfoPlist.strings; sourceTree = "<group>"; };
		7AD7595C19E87C9800BB20D3 /* BGPassValueTests.m */ = {isa = PBXFileReference; lastKnownFileType = sourcecode.c.objc; path = BGPassValueTests.m; sourceTree = "<group>"; };
/* End PBXFileReference section */

/* Begin PBXFrameworksBuildPhase section */
		7AD7593119E87C9800BB20D3 /* Frameworks */ = {
			isa = PBXFrameworksBuildPhase;
			buildActionMask = 2147483647;
			files = (
				7AD7593A19E87C9800BB20D3 /* CoreGraphics.framework in Frameworks */,
				7AD7593C19E87C9800BB20D3 /* UIKit.framework in Frameworks */,
				7AD7593819E87C9800BB20D3 /* Foundation.framework in Frameworks */,
			);
			runOnlyForDeploymentPostprocessing = 0;
		};
		7AD7594C19E87C9800BB20D3 /* Frameworks */ = {
			isa = PBXFrameworksBuildPhase;
			buildActionMask = 2147483647;
			files = (
				7AD7595119E87C9800BB20D3 /* XCTest.framework in Frameworks */,
				7AD7595319E87C9800BB20D3 /* UIKit.framework in Frameworks */,
				7AD7595219E87C9800BB20D3 /* Foundation.framework in Frameworks */,
			);
			runOnlyForDeploymentPostprocessing = 0;
		};
/* End PBXFrameworksBuildPhase section */

/* Begin PBXGroup section */
		7AD7592B19E87C9800BB20D3 = {
			isa = PBXGroup;
			children = (
				7AD7593D19E87C9800BB20D3 /* BGPassValue */,
				7AD7595619E87C9800BB20D3 /* BGPassValueTests */,
				7AD7593619E87C9800BB20D3 /* Frameworks */,
				7AD7593519E87C9800BB20D3 /* Products */,
			);
			sourceTree = "<group>";
		};
		7AD7593519E87C9800BB20D3 /* Products */ = {
			isa = PBXGroup;
			children = (
				7AD7593419E87C9800BB20D3 /* BGPassValue.app */,
				7AD7594F19E87C9800BB20D3 /* BGPassValueTests.xctest */,
			);
			name = Products;
			sourceTree = "<group>";
		};
		7AD7593619E87C9800BB20D3 /* Frameworks */ = {
			isa = PBXGroup;
			children = (
				7AD7593719E87C9800BB20D3 /* Foundation.framework */,
				7AD7593919E87C9800BB20D3 /* CoreGraphics.framework */,
				7AD7593B19E87C9800BB20D3 /* UIKit.framework */,
				7AD7595019E87C9800BB20D3 /* XCTest.framework */,
			);
			name = Frameworks;
			sourceTree = "<group>";
		};
		7AD7593D19E87C9800BB20D3 /* BGPassValue */ = {
			isa = PBXGroup;
			children = (
				7AD7594619E87C9800BB20D3 /* BGPVAppDelegate.h */,
				7AD7594719E87C9800BB20D3 /* BGPVAppDelegate.m */,
				7AD7594919E87C9800BB20D3 /* Images.xcassets */,
				7AD7593E19E87C9800BB20D3 /* Supporting Files */,
			);
			path = BGPassValue;
			sourceTree = "<group>";
		};
		7AD7593E19E87C9800BB20D3 /* Supporting Files */ = {
			isa = PBXGroup;
			children = (
				7AD7593F19E87C9800BB20D3 /* BGPassValue-Info.plist */,
				7AD7594019E87C9800BB20D3 /* InfoPlist.strings */,
				7AD7594319E87C9800BB20D3 /* main.m */,
				7AD7594519E87C9800BB20D3 /* BGPassValue-Prefix.pch */,
			);
			name = "Supporting Files";
			sourceTree = "<group>";
		};
		7AD7595619E87C9800BB20D3 /* BGPassValueTests */ = {
			isa = PBXGroup;
			children = (
				7AD7595C19E87C9800BB20D3 /* BGPassValueTests.m */,
				7AD7595719E87C9800BB20D3 /* Supporting Files */,
			);
			path = BGPassValueTests;
			sourceTree = "<group>";
		};
		7AD7595719E87C9800BB20D3 /* Supporting Files */ = {
			isa = PBXGroup;
			children = (
				7AD7595819E87C9800BB20D3 /* BGPassValueTests-Info.plist */,
				7AD7595919E87C9800BB20D3 /* InfoPlist.strings */,
			);
			name = "Supporting Files";
			sourceTree = "<group>";
		};
/* End PBXGroup section */

/* Begin PBXNativeTarget section */
		7AD7593319E87C9800BB20D3 /* BGPassValue */ = {
			isa = PBXNativeTarget;
			buildConfigurationList = 7AD7596019E87C9800BB20D3 /* Build configuration list for PBXNativeTarget "BGPassValue" */;
			buildPhases = (
				7AD7593019E87C9800BB20D3 /* Sources */,
				7AD7593119E87C9800BB20D3 /* Frameworks */,
				7AD7593219E87C9800BB20D3 /* Resources */,
			);
			buildRules = (
			);
			dependencies = (
			);
			name = BGPassValue;
			productName = BGPassValue;
			productReference = 7AD7593419E87C9800BB20D3 /* BGPassValue.app */;
			productType = "com.apple.product-type.application";
		};
		7AD7594E19E87C9800BB20D3 /* BGPassValueTests */ = {
			isa = PBXNativeTarget;
			buildConfigurationList = 7AD7596319E87C9800BB20D3 /* Build configuration list for PBXNativeTarget "BGPassValueTests" */;
			buildPhases = (
				7AD7594B19E87C9800BB20D3 /* Sources */,
				7AD7594C19E87C9800BB20D3 /* Frameworks */,
				7AD7594D19E87C9800BB20D3 /* Resources */,
			);
			buildRules = (
			);
			dependencies = (
				7AD7595519E87C9800BB20D3 /* PBXTargetDependency */,
			);
			name = BGPassValueTests;
			productName = BGPassValueTests;
			productReference = 7AD7594F19E87C9800BB20D3 /* BGPassValueTests.xctest */;
			productType = "com.apple.product-type.bundle.unit-test";
		};
/* End PBXNativeTarget section */

/* Begin PBXProject section */
		7AD7592C19E87C9800BB20D3 /* Project object */ = {
			isa = PBXProject;
			attributes = {
				CLASSPREFIX = BGPV;
				LastUpgradeCheck = 0510;
				ORGANIZATIONNAME = Libinggen;
				TargetAttributes = {
					7AD7594E19E87C9800BB20D3 = {
						TestTargetID = 7AD7593319E87C9800BB20D3;
					};
				};
			};
			buildConfigurationList = 7AD7592F19E87C9800BB20D3 /* Build configuration list for PBXProject "BGPassValue" */;
			compatibilityVersion = "Xcode 3.2";
			developmentRegion = English;
			hasScannedForEncodings = 0;
			knownRegions = (
				en,
			);
			mainGroup = 7AD7592B19E87C9800BB20D3;
			productRefGroup = 7AD7593519E87C9800BB20D3 /* Products */;
			projectDirPath = "";
			projectRoot = "";
			targets = (
				7AD7593319E87C9800BB20D3 /* BGPassValue */,
				7AD7594E19E87C9800BB20D3 /* BGPassValueTests */,
			);
		};
/* End PBXProject section */

/* Begin PBXResourcesBuildPhase section */
		7AD7593219E87C9800BB20D3 /* Resources */ = {
			isa = PBXResourcesBuildPhase;
			buildActionMask = 2147483647;
			files = (
				7AD7594219E87C9800BB20D3 /* InfoPlist.strings in Resources */,
				7AD7594A19E87C9800BB20D3 /* Images.xcassets in Resources */,
			);
			runOnlyForDeploymentPostprocessing = 0;
		};
		7AD7594D19E87C9800BB20D3 /* Resources */ = {
			isa = PBXResourcesBuildPhase;
			buildActionMask = 2147483647;
			files = (
				7AD7595B19E87C9800BB20D3 /* InfoPlist.strings in Resources */,
			);
			runOnlyForDeploymentPostprocessing = 0;
		};
/* End PBXResourcesBuildPhase section */

/* Begin PBXSourcesBuildPhase section */
		7AD7593019E87C9800BB20D3 /* Sources */ = {
			isa = PBXSourcesBuildPhase;
			buildActionMask = 2147483647;
			files = (
				7AD7594419E87C9800BB20D3 /* main.m in Sources */,
				7AD7594819E87C9800BB20D3 /* BGPVAppDelegate.m in Sources */,
			);
			runOnlyForDeploymentPostprocessing = 0;
		};
		7AD7594B19E87C9800BB20D3 /* Sources */ = {
			isa = PBXSourcesBuildPhase;
			buildActionMask = 2147483647;
			files = (
				7AD7595D19E87C9800BB20D3 /* BGPassValueTests.m in Sources */,
			);
			runOnlyForDeploymentPostprocessing = 0;
		};
/* End PBXSourcesBuildPhase section */

/* Begin PBXTargetDependency section */
		7AD7595519E87C9800BB20D3 /* PBXTargetDependency */ = {
			isa = PBXTargetDependency;
			target = 7AD7593319E87C9800BB20D3 /* BGPassValue */;
			targetProxy = 7AD7595419E87C9800BB20D3 /* PBXContainerItemProxy */;
		};
/* End PBXTargetDependency section */

/* Begin PBXVariantGroup section */
		7AD7594019E87C9800BB20D3 /* InfoPlist.strings */ = {
			isa = PBXVariantGroup;
			children = (
				7AD7594119E87C9800BB20D3 /* en */,
			);
			name = InfoPlist.strings;
			sourceTree = "<group>";
		};
		7AD7595919E87C9800BB20D3 /* InfoPlist.strings */ = {
			isa = PBXVariantGroup;
			children = (
				7AD7595A19E87C9800BB20D3 /* en */,
			);
			name = InfoPlist.strings;
			sourceTree = "<group>";
		};
/* End PBXVariantGroup section */

/* Begin XCBuildConfiguration section */
		7AD7595E19E87C9800BB20D3 /* Debug */ = {
			isa = XCBuildConfiguration;
			buildSettings = {
				ALWAYS_SEARCH_USER_PATHS = NO;
				CLANG_CXX_LANGUAGE_STANDARD = "gnu++0x";
				CLANG_CXX_LIBRARY = "libc++";
				CLANG_ENABLE_MODULES = YES;
				CLANG_ENABLE_OBJC_ARC = YES;
				CLANG_WARN_BOOL_CONVERSION = YES;
				CLANG_WARN_CONSTANT_CONVERSION = YES;
				CLANG_WARN_DIRECT_OBJC_ISA_USAGE = YES_ERROR;
				CLANG_WARN_EMPTY_BODY = YES;
				CLANG_WARN_ENUM_CONVERSION = YES;
				CLANG_WARN_INT_CONVERSION = YES;
				CLANG_WARN_OBJC_ROOT_CLASS = YES_ERROR;
				CLANG_WARN__DUPLICATE_METHOD_MATCH = YES;
				"CODE_SIGN_IDENTITY[sdk=iphoneos*]" = "iPhone Developer";
				COPY_PHASE_STRIP = NO;
				GCC_C_LANGUAGE_STANDARD = gnu99;
				GCC_DYNAMIC_NO_PIC = NO;
				GCC_OPTIMIZATION_LEVEL = 0;
				GCC_PREPROCESSOR_DEFINITIONS = (
					"DEBUG=1",
					"$(inherited)",
				);
				GCC_SYMBOLS_PRIVATE_EXTERN = NO;
				GCC_WARN_64_TO_32_BIT_CONVERSION = YES;
				GCC_WARN_ABOUT_RETURN_TYPE = YES_ERROR;
				GCC_WARN_UNDECLARED_SELECTOR = YES;
				GCC_WARN_UNINITIALIZED_AUTOS = YES_AGGRESSIVE;
				GCC_WARN_UNUSED_FUNCTION = YES;
				GCC_WARN_UNUSED_VARIABLE = YES;
				IPHONEOS_DEPLOYMENT_TARGET = 7.1;
				ONLY_ACTIVE_ARCH = YES;
				SDKROOT = iphoneos;
			};
			name = Debug;
		};
		7AD7595F19E87C9800BB20D3 /* Release */ = {
			isa = XCBuildConfiguration;
			buildSettings = {
				ALWAYS_SEARCH_USER_PATHS = NO;
				CLANG_CXX_LANGUAGE_STANDARD = "gnu++0x";
				CLANG_CXX_LIBRARY = "libc++";
				CLANG_ENABLE_MODULES = YES;
				CLANG_ENABLE_OBJC_ARC = YES;
				CLANG_WARN_BOOL_CONVERSION = YES;
				CLANG_WARN_CONSTANT_CONVERSION = YES;
				CLANG_WARN_DIRECT_OBJC_ISA_USAGE = YES_ERROR;
				CLANG_WARN_EMPTY_BODY = YES;
				CLANG_WARN_ENUM_CONVERSION = YES;
				CLANG_WARN_INT_CONVERSION = YES;
				CLANG_WARN_OBJC_ROOT_CLASS = YES_ERROR;
				CLANG_WARN__DUPLICATE_METHOD_MATCH = YES;
				"CODE_SIGN_IDENTITY[sdk=iphoneos*]" = "iPhone Developer";
				COPY_PHASE_STRIP = YES;
				ENABLE_NS_ASSERTIONS = NO;
				GCC_C_LANGUAGE_STANDARD = gnu99;
				GCC_WARN_64_TO_32_BIT_CONVERSION = YES;
				GCC_WARN_ABOUT_RETURN_TYPE = YES_ERROR;
				GCC_WARN_UNDECLARED_SELECTOR = YES;
				GCC_WARN_UNINITIALIZED_AUTOS = YES_AGGRESSIVE;
				GCC_WARN_UNUSED_FUNCTION = YES;
				GCC_WARN_UNUSED_VARIABLE = YES;
				IPHONEOS_DEPLOYMENT_TARGET = 7.1;
				SDKROOT = iphoneos;
				VALIDATE_PRODUCT = YES;
			};
			name = Release;
		};
		7AD7596119E87C9800BB20D3 /* Debug */ = {
			isa = XCBuildConfiguration;
			buildSettings = {
				ASSETCATALOG_COMPILER_APPICON_NAME = AppIcon;
				ASSETCATALOG_COMPILER_LAUNCHIMAGE_NAME = LaunchImage;
				GCC_PRECOMPILE_PREFIX_HEADER = YES;
				GCC_PREFIX_HEADER = "BGPassValue/BGPassValue-Prefix.pch";
				INFOPLIST_FILE = "BGPassValue/BGPassValue-Info.plist";
				PRODUCT_NAME = "$(TARGET_NAME)";
				WRAPPER_EXTENSION = app;
			};
			name = Debug;
		};
		7AD7596219E87C9800BB20D3 /* Release */ = {
			isa = XCBuildConfiguration;
			buildSettings = {
				ASSETCATALOG_COMPILER_APPICON_NAME = AppIcon;
				ASSETCATALOG_COMPILER_LAUNCHIMAGE_NAME = LaunchImage;
				GCC_PRECOMPILE_PREFIX_HEADER = YES;
				GCC_PREFIX_HEADER = "BGPassValue/BGPassValue-Prefix.pch";
				INFOPLIST_FILE = "BGPassValue/BGPassValue-Info.plist";
				PRODUCT_NAME = "$(TARGET_NAME)";
				WRAPPER_EXTENSION = app;
			};
			name = Release;
		};
		7AD7596419E87C9800BB20D3 /* Debug */ = {
			isa = XCBuildConfiguration;
			buildSettings = {
				BUNDLE_LOADER = "$(BUILT_PRODUCTS_DIR)/BGPassValue.app/BGPassValue";
				FRAMEWORK_SEARCH_PATHS = (
					"$(SDKROOT)/Developer/Library/Frameworks",
					"$(inherited)",
					"$(DEVELOPER_FRAMEWORKS_DIR)",
				);
				GCC_PRECOMPILE_PREFIX_HEADER = YES;
				GCC_PREFIX_HEADER = "BGPassValue/BGPassValue-Prefix.pch";
				GCC_PREPROCESSOR_DEFINITIONS = (
					"DEBUG=1",
					"$(inherited)",
				);
				INFOPLIST_FILE = "BGPassValueTests/BGPassValueTests-Info.plist";
				PRODUCT_NAME = "$(TARGET_NAME)";
				TEST_HOST = "$(BUNDLE_LOADER)";
				WRAPPER_EXTENSION = xctest;
			};
			name = Debug;
		};
		7AD7596519E87C9800BB20D3 /* Release */ = {
			isa = XCBuildConfiguration;
			buildSettings = {
				BUNDLE_LOADER = "$(BUILT_PRODUCTS_DIR)/BGPassValue.app/BGPassValue";
				FRAMEWORK_SEARCH_PATHS = (
					"$(SDKROOT)/Developer/Library/Frameworks",
					"$(inherited)",
					"$(DEVELOPER_FRAMEWORKS_DIR)",
				);
				GCC_PRECOMPILE_PREFIX_HEADER = YES;
				GCC_PREFIX_HEADER = "BGPassValue/BGPassValue-Prefix.pch";
				INFOPLIST_FILE = "BGPassValueTests/BGPassValueTests-Info.plist";
				PRODUCT_NAME = "$(TARGET_NAME)";
				TEST_HOST = "$(BUNDLE_LOADER)";
				WRAPPER_EXTENSION = xctest;
			};
			name = Release;
		};
/* End XCBuildConfiguration section */

/* Begin XCConfigurationList section */
		7AD7592F19E87C9800BB20D3 /* Build configuration list for PBXProject "BGPassValue" */ = {
			isa = XCConfigurationList;
			buildConfigurations = (
				7AD7595E19E87C9800BB20D3 /* Debug */,
				7AD7595F19E87C9800BB20D3 /* Release */,
			);
			defaultConfigurationIsVisible = 0;
			defaultConfigurationName = Release;
		};
		7AD7596019E87C9800BB20D3 /* Build configuration list for PBXNativeTarget "BGPassValue" */ = {
			isa = XCConfigurationList;
			buildConfigurations = (
				7AD7596119E87C9800BB20D3 /* Debug */,
				7AD7596219E87C9800BB20D3 /* Release */,
			);
			defaultConfigurationIsVisible = 0;
		};
		7AD7596319E87C9800BB20D3 /* Build configuration list for PBXNativeTarget "BGPassValueTests" */ = {
			isa = XCConfigurationList;
			buildConfigurations = (
				7AD7596419E87C9800BB20D3 /* Debug */,
				7AD7596519E87C9800BB20D3 /* Release */,
			);
			defaultConfigurationIsVisible = 0;
		};
/* End XCConfigurationList section */
	};
	rootObject = 7AD7592C19E87C9800BB20D3 /* Project object */;
}
